
Microsoft Visual Studio Solution File, Format Version 12.00
# Visual Studio 2012
Project("{FAE04EC0-301F-11D3-BF4B-00C04F79EFBC}") = "DSTMedia.WebsiteScreenSaver", "DSTMedia.WebsiteScreenSaver\DSTMedia.WebsiteScreenSaver.csproj", "{69723FDD-2D18-4DA2-A715-0064BC2798F6}"
EndProject
Global
	GlobalSection(SolutionConfigurationPlatforms) = preSolution
		Debug|Any CPU = Debug|Any CPU
		Release|Any CPU = Release|Any CPU
	EndGlobalSection
	GlobalSection(ProjectConfigurationPlatforms) = postSolution
		{69723FDD-2D18-4DA2-A715-0064BC2798F6}.Debug|Any CPU.ActiveCfg = Debug|Any CPU
		{69723FDD-2D18-4DA2-A715-0064BC2798F6}.Debug|Any CPU.Build.0 = Debug|Any CPU
		{69723FDD-2D18-4DA2-A715-0064BC2798F6}.Release|Any CPU.ActiveCfg = Release|Any CPU
		{69723FDD-2D18-4DA2-A715-0064BC2798F6}.Release|Any CPU.Build.0 = Release|Any CPU
	EndGlobalSection
	GlobalSection(SolutionProperties) = preSolution
		HideSolutionNode = FALSE
	EndGlobalSection
EndGlobal
